Microsoft Visual Studio Solution File, Format Version 12.00
# Visual Studio Version 18
VisualStudioVersion = 18.0.0.0
MinimumVisualStudioVersion = 10.0.40219.1
Project("{FAE04EC0-301F-11D3-BF4B-00C04F79EFBC}") = "Gauge.Protocol", "src\Gauge.Protocol\Gauge.Protocol.csproj", "{69B7A151-A1F4-4F37-A7AB-53F2622211C5}"
EndProject
Project("{FAE04EC0-301F-11D3-BF4B-00C04F79EFBC}") = "Gauge.Core", "src\Gauge.Core\Gauge.Core.csproj", "{7C5C5E0C-62E4-46B3-860E-99FBB8DE6686}"
EndProject
Project("{FAE04EC0-301F-11D3-BF4B-00C04F79EFBC}") = "Gauge.Transport", "src\Gauge.Transport\Gauge.Transport.csproj", "{1A68C3C5-734F-414B-8EC7-7293D5DFB0D6}"
EndProject
Project("{FAE04EC0-301F-11D3-BF4B-00C04F79EFBC}") = "Gauge.Cli", "src\Gauge.Cli\Gauge.Cli.csproj", "{4F84E403-A9C6-4480-98E2-0514C74A2292}"
EndProject
Project("{FAE04EC0-301F-11D3-BF4B-00C04F79EFBC}") = "Gauge.Protocol.Tests", "tests\Gauge.Protocol.Tests\Gauge.Protocol.Tests.csproj", "{9957CB3B-80E1-44AB-BEF4-00EEC59EA78E}"
EndProject
Project("{FAE04EC0-301F-11D3-BF4B-00C04F79EFBC}") = "Gauge.Calibration", "src\Gauge.Calibration\Gauge.Calibration.csproj", "{3CFB30DB-B27A-4CBC-8590-5E818FE6A4BB}"
EndProject
Project("{FAE04EC0-301F-11D3-BF4B-00C04F79EFBC}") = "Gauge.Interface.App", "src\Gauge.Interface.App\Gauge.Interface.App.csproj", "{5C077674-DF93-4A4B-A4A8-DC8D7D9D5BF0}"
EndProject
Global
	GlobalSection(SolutionConfigurationPlatforms) = preSolution
		Debug|Any CPU = Debug|Any CPU
		Release|Any CPU = Release|Any CPU
	EndGlobalSection
	GlobalSection(ProjectConfigurationPlatforms) = postSolution
		{69B7A151-A1F4-4F37-A7AB-53F2622211C5}.Debug|Any CPU.ActiveCfg = Debug|Any CPU
		{69B7A151-A1F4-4F37-A7AB-53F2622211C5}.Debug|Any CPU.Build.0 = Debug|Any CPU
		{69B7A151-A1F4-4F37-A7AB-53F2622211C5}.Release|Any CPU.ActiveCfg = Release|Any CPU
		{69B7A151-A1F4-4F37-A7AB-53F2622211C5}.Release|Any CPU.Build.0 = Release|Any CPU
		{7C5C5E0C-62E4-46B3-860E-99FBB8DE6686}.Debug|Any CPU.ActiveCfg = Debug|Any CPU
		{7C5C5E0C-62E4-46B3-860E-99FBB8DE6686}.Debug|Any CPU.Build.0 = Debug|Any CPU
		{7C5C5E0C-62E4-46B3-860E-99FBB8DE6686}.Release|Any CPU.ActiveCfg = Release|Any CPU
		{7C5C5E0C-62E4-46B3-860E-99FBB8DE6686}.Release|Any CPU.Build.0 = Release|Any CPU
		{1A68C3C5-734F-414B-8EC7-7293D5DFB0D6}.Debug|Any CPU.ActiveCfg = Debug|Any CPU
		{1A68C3C5-734F-414B-8EC7-7293D5DFB0D6}.Debug|Any CPU.Build.0 = Debug|Any CPU
		{1A68C3C5-734F-414B-8EC7-7293D5DFB0D6}.Release|Any CPU.ActiveCfg = Release|Any CPU
		{1A68C3C5-734F-414B-8EC7-7293D5DFB0D6}.Release|Any CPU.Build.0 = Release|Any CPU
		{4F84E403-A9C6-4480-98E2-0514C74A2292}.Debug|Any CPU.ActiveCfg = Debug|Any CPU
		{4F84E403-A9C6-4480-98E2-0514C74A2292}.Debug|Any CPU.Build.0 = Debug|Any CPU
		{4F84E403-A9C6-4480-98E2-0514C74A2292}.Release|Any CPU.ActiveCfg = Release|Any CPU
		{4F84E403-A9C6-4480-98E2-0514C74A2292}.Release|Any CPU.Build.0 = Release|Any CPU
		{9957CB3B-80E1-44AB-BEF4-00EEC59EA78E}.Debug|Any CPU.ActiveCfg = Debug|Any CPU
		{9957CB3B-80E1-44AB-BEF4-00EEC59EA78E}.Debug|Any CPU.Build.0 = Debug|Any CPU
		{9957CB3B-80E1-44AB-BEF4-00EEC59EA78E}.Release|Any CPU.ActiveCfg = Release|Any CPU
		{9957CB3B-80E1-44AB-BEF4-00EEC59EA78E}.Release|Any CPU.Build.0 = Release|Any CPU
		{3CFB30DB-B27A-4CBC-8590-5E818FE6A4BB}.Debug|Any CPU.ActiveCfg = Debug|Any CPU
		{3CFB30DB-B27A-4CBC-8590-5E818FE6A4BB}.Debug|Any CPU.Build.0 = Debug|Any CPU
		{3CFB30DB-B27A-4CBC-8590-5E818FE6A4BB}.Release|Any CPU.ActiveCfg = Release|Any CPU
		{3CFB30DB-B27A-4CBC-8590-5E818FE6A4BB}.Release|Any CPU.Build.0 = Release|Any CPU
		{5C077674-DF93-4A4B-A4A8-DC8D7D9D5BF0}.Debug|Any CPU.ActiveCfg = Debug|Any CPU
		{5C077674-DF93-4A4B-A4A8-DC8D7D9D5BF0}.Debug|Any CPU.Build.0 = Debug|Any CPU
		{5C077674-DF93-4A4B-A4A8-DC8D7D9D5BF0}.Release|Any CPU.ActiveCfg = Release|Any CPU
		{5C077674-DF93-4A4B-A4A8-DC8D7D9D5BF0}.Release|Any CPU.Build.0 = Release|Any CPU
	EndGlobalSection
EndGlobal
